
Microsoft Visual Studio Solution File, Format Version 12.00
# Visual Studio 15
VisualStudioVersion = 15.0.28307.271
MinimumVisualStudioVersion = 10.0.40219.1
Project("{FAE04EC0-301F-11D3-BF4B-00C04F79EFBC}") = "rest-asp-net-core", "rest-asp-net-core\rest-asp-net-core.csproj", "{95540E4D-CE56-45AA-9687-CCCECF6DDEBA}"
EndProject
Global
	GlobalSection(SolutionConfigurationPlatforms) = preSolution
		Debug|Any CPU = Debug|Any CPU
		Release|Any CPU = Release|Any CPU
	EndGlobalSection
	GlobalSection(ProjectConfigurationPlatforms) = postSolution
		{95540E4D-CE56-45AA-9687-CCCECF6DDEBA}.Debug|Any CPU.ActiveCfg = Debug|Any CPU
		{95540E4D-CE56-45AA-9687-CCCECF6DDEBA}.Debug|Any CPU.Build.0 = Debug|Any CPU
		{95540E4D-CE56-45AA-9687-CCCECF6DDEBA}.Release|Any CPU.ActiveCfg = Release|Any CPU
		{95540E4D-CE56-45AA-9687-CCCECF6DDEBA}.Release|Any CPU.Build.0 = Release|Any CPU
	EndGlobalSection
	GlobalSection(SolutionProperties) = preSolution
		HideSolutionNode = FALSE
	EndGlobalSection
	GlobalSection(ExtensibilityGlobals) = postSolution
		SolutionGuid = {514BF038-AD43-4848-8349-BC7E2F0777C1}
	EndGlobalSection
EndGlobal
